// !$*UTF8*$!
{
	archiveVersion = 1;
	classes = {
	};
	objectVersion = 77;
	objects = {

/* Begin PBXBuildFile section */
		040FA2DB2F16107300E3B042 /* Proton in Frameworks */ = {isa = PBXBuildFile; productRef = 040FA2DA2F16107300E3B042 /* Proton */; };
		046E84E02F109E9600030095 /* NotionJournalClipper.appex in Embed Foundation Extensions */ = {isa = PBXBuildFile; fileRef = 046E84132F0DFE1000030095 /* NotionJournalClipper.appex */; settings = {ATTRIBUTES = (RemoveHeadersOnCopy, ); }; };
/* End PBXBuildFile section */

/* Begin PBXContainerItemProxy section */
		046E84E12F109E9600030095 /* PBXContainerItemProxy */ = {
			isa = PBXContainerItemProxy;
			containerPortal = 046793E32F03C62100C5221D /* Project object */;
			proxyType = 1;
			remoteGlobalIDString = 046E84122F0DFE1000030095;
			remoteInfo = NotionJournalClipper;
		};
		046E84E42F109E9C00030095 /* PBXContainerItemProxy */ = {
			isa = PBXContainerItemProxy;
			containerPortal = 046793E32F03C62100C5221D /* Project object */;
			proxyType = 1;
			remoteGlobalIDString = 046E84122F0DFE1000030095;
			remoteInfo = NotionJournalClipper;
		};
/* End PBXContainerItemProxy section */

/* Begin PBXCopyFilesBuildPhase section */
		046E84E32F109E9600030095 /* Embed Foundation Extensions */ = {
			isa = PBXCopyFilesBuildPhase;
			buildActionMask = 2147483647;
			dstPath = "";
			dstSubfolderSpec = 13;
			files = (
				046E84E02F109E9600030095 /* NotionJournalClipper.appex in Embed Foundation Extensions */,
			);
			name = "Embed Foundation Extensions";
			runOnlyForDeploymentPostprocessing = 0;
		};
/* End PBXCopyFilesBuildPhase section */

/* Begin PBXFileReference section */
		046793EB2F03C62100C5221D /* Notion Journal.app */ = {isa = PBXFileReference; explicitFileType = wrapper.application; includeInIndex = 0; path = "Notion Journal.app"; sourceTree = BUILT_PRODUCTS_DIR; };
		046E84132F0DFE1000030095 /* NotionJournalClipper.appex */ = {isa = PBXFileReference; explicitFileType = "wrapper.app-extension"; includeInIndex = 0; path = NotionJournalClipper.appex; sourceTree = BUILT_PRODUCTS_DIR; };
/* End PBXFileReference section */

/* Begin PBXFileSystemSynchronizedBuildFileExceptionSet section */
		046E82A32F0C980200030095 /* Exceptions for "Notion Journal" folder in "Notion Journal" target */ = {
			isa = PBXFileSystemSynchronizedBuildFileExceptionSet;
			membershipExceptions = (
				DB/DBNoteRepositoryCloud.swift,
				DB/DBNoteRepositoryGoalCreate.swift,
				DB/DBNoteRepositoryReadWrite.swift,
			);
			target = 046793EA2F03C62100C5221D /* Notion Journal */;
		};
		046E842F2F0DFE1000030095 /* Exceptions for "NotionJournalClipper" folder in "NotionJournalClipper" target */ = {
			isa = PBXFileSystemSynchronizedBuildFileExceptionSet;
			membershipExceptions = (
				Info.plist,
			);
			target = 046E84122F0DFE1000030095 /* NotionJournalClipper */;
		};
/* End PBXFileSystemSynchronizedBuildFileExceptionSet section */

/* Begin PBXFileSystemSynchronizedRootGroup section */
		046793ED2F03C62100C5221D /* Notion Journal */ = {
			isa = PBXFileSystemSynchronizedRootGroup;
			exceptions = (
				046E82A32F0C980200030095 /* Exceptions for "Notion Journal" folder in "Notion Journal" target */,
			);
			path = "Notion Journal";
			sourceTree = "<group>";
		};
		046E84142F0DFE1000030095 /* NotionJournalClipper */ = {
			isa = PBXFileSystemSynchronizedRootGroup;
			exceptions = (
				046E842F2F0DFE1000030095 /* Exceptions for "NotionJournalClipper" folder in "NotionJournalClipper" target */,
			);
			explicitFolders = (
				Resources/_locales,
				Resources/images,
			);
			path = NotionJournalClipper;
			sourceTree = "<group>";
		};
/* End PBXFileSystemSynchronizedRootGroup section */

/* Begin PBXFrameworksBuildPhase section */
		046793E82F03C62100C5221D /* Frameworks */ = {
			isa = PBXFrameworksBuildPhase;
			buildActionMask = 2147483647;
			files = (
				040FA2DB2F16107300E3B042 /* Proton in Frameworks */,
			);
			runOnlyForDeploymentPostprocessing = 0;
		};
		046E84102F0DFE1000030095 /* Frameworks */ = {
			isa = PBXFrameworksBuildPhase;
			buildActionMask = 2147483647;
			files = (
			);
			runOnlyForDeploymentPostprocessing = 0;
		};
/* End PBXFrameworksBuildPhase section */

/* Begin PBXGroup section */
		046793E22F03C62100C5221D = {
			isa = PBXGroup;
			children = (
				046793ED2F03C62100C5221D /* Notion Journal */,
				046E84142F0DFE1000030095 /* NotionJournalClipper */,
				046E84DF2F109E9600030095 /* Frameworks */,
				046793EC2F03C62100C5221D /* Products */,
			);
			sourceTree = "<group>";
		};
		046793EC2F03C62100C5221D /* Products */ = {
			isa = PBXGroup;
			children = (
				046793EB2F03C62100C5221D /* Notion Journal.app */,
				046E84132F0DFE1000030095 /* NotionJournalClipper.appex */,
			);
			name = Products;
			sourceTree = "<group>";
		};
		046E84DF2F109E9600030095 /* Frameworks */ = {
			isa = PBXGroup;
			children = (
			);
			name = Frameworks;
			sourceTree = "<group>";
		};
/* End PBXGroup section */

/* Begin PBXNativeTarget section */
		046793EA2F03C62100C5221D /* Notion Journal */ = {
			isa = PBXNativeTarget;
			buildConfigurationList = 046793F62F03C62300C5221D /* Build configuration list for PBXNativeTarget "Notion Journal" */;
			buildPhases = (
				046793E72F03C62100C5221D /* Sources */,
				046793E82F03C62100C5221D /* Frameworks */,
				046793E92F03C62100C5221D /* Resources */,
				046E84E32F109E9600030095 /* Embed Foundation Extensions */,
			);
			buildRules = (
			);
			dependencies = (
				046E84E22F109E9600030095 /* PBXTargetDependency */,
				046E84E52F109E9C00030095 /* PBXTargetDependency */,
			);
			fileSystemSynchronizedGroups = (
				046793ED2F03C62100C5221D /* Notion Journal */,
			);
			name = "Notion Journal";
			packageProductDependencies = (
				040FA2DA2F16107300E3B042 /* Proton */,
			);
			productName = "Notion Journal";
			productReference = 046793EB2F03C62100C5221D /* Notion Journal.app */;
			productType = "com.apple.product-type.application";
		};
		046E84122F0DFE1000030095 /* NotionJournalClipper */ = {
			isa = PBXNativeTarget;
			buildConfigurationList = 046E842C2F0DFE1000030095 /* Build configuration list for PBXNativeTarget "NotionJournalClipper" */;
			buildPhases = (
				046E840F2F0DFE1000030095 /* Sources */,
				046E84102F0DFE1000030095 /* Frameworks */,
				046E84112F0DFE1000030095 /* Resources */,
			);
			buildRules = (
			);
			dependencies = (
			);
			fileSystemSynchronizedGroups = (
				046E84142F0DFE1000030095 /* NotionJournalClipper */,
			);
			name = NotionJournalClipper;
			packageProductDependencies = (
			);
			productName = NotionJournalClipper;
			productReference = 046E84132F0DFE1000030095 /* NotionJournalClipper.appex */;
			productType = "com.apple.product-type.app-extension";
		};
/* End PBXNativeTarget section */

/* Begin PBXProject section */
		046793E32F03C62100C5221D /* Project object */ = {
			isa = PBXProject;
			attributes = {
				BuildIndependentTargetsInParallel = 1;
				LastSwiftUpdateCheck = 2620;
				LastUpgradeCheck = 2620;
				TargetAttributes = {
					046793EA2F03C62100C5221D = {
						CreatedOnToolsVersion = 26.2;
					};
					046E84122F0DFE1000030095 = {
						CreatedOnToolsVersion = 26.2;
					};
				};
			};
			buildConfigurationList = 046793E62F03C62100C5221D /* Build configuration list for PBXProject "Notion Journal" */;
			developmentRegion = en;
			hasScannedForEncodings = 0;
			knownRegions = (
				en,
				Base,
			);
			mainGroup = 046793E22F03C62100C5221D;
			minimizedProjectReferenceProxies = 1;
			packageReferences = (
				040FA2D52F15AD5400E3B042 /* XCRemoteSwiftPackageReference "proton" */,
			);
			preferredProjectObjectVersion = 77;
			productRefGroup = 046793EC2F03C62100C5221D /* Products */;
			projectDirPath = "";
			projectRoot = "";
			targets = (
				046793EA2F03C62100C5221D /* Notion Journal */,
				046E84122F0DFE1000030095 /* NotionJournalClipper */,
			);
		};
/* End PBXProject section */

/* Begin PBXResourcesBuildPhase section */
		046793E92F03C62100C5221D /* Resources */ = {
			isa = PBXResourcesBuildPhase;
			buildActionMask = 2147483647;
			files = (
			);
			runOnlyForDeploymentPostprocessing = 0;
		};
		046E84112F0DFE1000030095 /* Resources */ = {
			isa = PBXResourcesBuildPhase;
			buildActionMask = 2147483647;
			files = (
			);
			runOnlyForDeploymentPostprocessing = 0;
		};
/* End PBXResourcesBuildPhase section */

/* Begin PBXSourcesBuildPhase section */
		046793E72F03C62100C5221D /* Sources */ = {
			isa = PBXSourcesBuildPhase;
			buildActionMask = 2147483647;
			files = (
			);
			runOnlyForDeploymentPostprocessing = 0;
		};
		046E840F2F0DFE1000030095 /* Sources */ = {
			isa = PBXSourcesBuildPhase;
			buildActionMask = 2147483647;
			files = (
			);
			runOnlyForDeploymentPostprocessing = 0;
		};
/* End PBXSourcesBuildPhase section */

/* Begin PBXTargetDependency section */
		046E84E22F109E9600030095 /* PBXTargetDependency */ = {
			isa = PBXTargetDependency;
			target = 046E84122F0DFE1000030095 /* NotionJournalClipper */;
			targetProxy = 046E84E12F109E9600030095 /* PBXContainerItemProxy */;
		};
		046E84E52F109E9C00030095 /* PBXTargetDependency */ = {
			isa = PBXTargetDependency;
			target = 046E84122F0DFE1000030095 /* NotionJournalClipper */;
			targetProxy = 046E84E42F109E9C00030095 /* PBXContainerItemProxy */;
		};
/* End PBXTargetDependency section */

/* Begin XCBuildConfiguration section */
		046793F42F03C62300C5221D /* Debug */ = {
			isa = XCBuildConfiguration;
			buildSettings = {
				ALWAYS_SEARCH_USER_PATHS = NO;
				ASSETCATALOG_COMPILER_GENERATE_SWIFT_ASSET_SYMBOL_EXTENSIONS = YES;
				CLANG_ANALYZER_NONNULL = YES;
				CLANG_ANALYZER_NUMBER_OBJECT_CONVERSION = YES_AGGRESSIVE;
				CLANG_CXX_LANGUAGE_STANDARD = "gnu++20";
				CLANG_ENABLE_MODULES = YES;
				CLANG_ENABLE_OBJC_ARC = YES;
				CLANG_ENABLE_OBJC_WEAK = YES;
				CLANG_WARN_BLOCK_CAPTURE_AUTORELEASING = YES;
				CLANG_WARN_BOOL_CONVERSION = YES;
				CLANG_WARN_COMMA = YES;
				CLANG_WARN_CONSTANT_CONVERSION = YES;
				CLANG_WARN_DEPRECATED_OBJC_IMPLEMENTATIONS = YES;
				CLANG_WARN_DIRECT_OBJC_ISA_USAGE = YES_ERROR;
				CLANG_WARN_DOCUMENTATION_COMMENTS = YES;
				CLANG_WARN_EMPTY_BODY = YES;
				CLANG_WARN_ENUM_CONVERSION = YES;
				CLANG_WARN_INFINITE_RECURSION = YES;
				CLANG_WARN_INT_CONVERSION = YES;
				CLANG_WARN_NON_LITERAL_NULL_CONVERSION = YES;
				CLANG_WARN_OBJC_IMPLICIT_RETAIN_SELF = YES;
				CLANG_WARN_OBJC_LITERAL_CONVERSION = YES;
				CLANG_WARN_OBJC_ROOT_CLASS = YES_ERROR;
				CLANG_WARN_QUOTED_INCLUDE_IN_FRAMEWORK_HEADER = YES;
				CLANG_WARN_RANGE_LOOP_ANALYSIS = YES;
				CLANG_WARN_STRICT_PROTOTYPES = YES;
				CLANG_WARN_SUSPICIOUS_MOVE = YES;
				CLANG_WARN_UNGUARDED_AVAILABILITY = YES_AGGRESSIVE;
				CLANG_WARN_UNREACHABLE_CODE = YES;
				CLANG_WARN__DUPLICATE_METHOD_MATCH = YES;
				COPY_PHASE_STRIP = NO;
				DEBUG_INFORMATION_FORMAT = dwarf;
				DEVELOPMENT_TEAM = 5LZ6X4HA3F;
				ENABLE_STRICT_OBJC_MSGSEND = YES;
				ENABLE_TESTABILITY = YES;
				ENABLE_USER_SCRIPT_SANDBOXING = YES;
				GCC_C_LANGUAGE_STANDARD = gnu17;
				GCC_DYNAMIC_NO_PIC = NO;
				GCC_NO_COMMON_BLOCKS = YES;
				GCC_OPTIMIZATION_LEVEL = 0;
				GCC_PREPROCESSOR_DEFINITIONS = (
					"DEBUG=1",
					"$(inherited)",
				);
				GCC_WARN_64_TO_32_BIT_CONVERSION = YES;
				GCC_WARN_ABOUT_RETURN_TYPE = YES_ERROR;
				GCC_WARN_UNDECLARED_SELECTOR = YES;
				GCC_WARN_UNINITIALIZED_AUTOS = YES_AGGRESSIVE;
				GCC_WARN_UNUSED_FUNCTION = YES;
				GCC_WARN_UNUSED_VARIABLE = YES;
				IPHONEOS_DEPLOYMENT_TARGET = 26.2;
				LOCALIZATION_PREFERS_STRING_CATALOGS = YES;
				MTL_ENABLE_DEBUG_INFO = INCLUDE_SOURCE;
				MTL_FAST_MATH = YES;
				ONLY_ACTIVE_ARCH = YES;
				SDKROOT = iphoneos;
				SWIFT_ACTIVE_COMPILATION_CONDITIONS = "DEBUG $(inherited)";
				SWIFT_OPTIMIZATION_LEVEL = "-Onone";
			};
			name = Debug;
		};
		046793F52F03C62300C5221D /* Release */ = {
			isa = XCBuildConfiguration;
			buildSettings = {
				ALWAYS_SEARCH_USER_PATHS = NO;
				ASSETCATALOG_COMPILER_GENERATE_SWIFT_ASSET_SYMBOL_EXTENSIONS = YES;
				CLANG_ANALYZER_NONNULL = YES;
				CLANG_ANALYZER_NUMBER_OBJECT_CONVERSION = YES_AGGRESSIVE;
				CLANG_CXX_LANGUAGE_STANDARD = "gnu++20";
				CLANG_ENABLE_MODULES = YES;
				CLANG_ENABLE_OBJC_ARC = YES;
				CLANG_ENABLE_OBJC_WEAK = YES;
				CLANG_WARN_BLOCK_CAPTURE_AUTORELEASING = YES;
				CLANG_WARN_BOOL_CONVERSION = YES;
				CLANG_WARN_COMMA = YES;
				CLANG_WARN_CONSTANT_CONVERSION = YES;
				CLANG_WARN_DEPRECATED_OBJC_IMPLEMENTATIONS = YES;
				CLANG_WARN_DIRECT_OBJC_ISA_USAGE = YES_ERROR;
				CLANG_WARN_DOCUMENTATION_COMMENTS = YES;
				CLANG_WARN_EMPTY_BODY = YES;
				CLANG_WARN_ENUM_CONVERSION = YES;
				CLANG_WARN_INFINITE_RECURSION = YES;
				CLANG_WARN_INT_CONVERSION = YES;
				CLANG_WARN_NON_LITERAL_NULL_CONVERSION = YES;
				CLANG_WARN_OBJC_IMPLICIT_RETAIN_SELF = YES;
				CLANG_WARN_OBJC_LITERAL_CONVERSION = YES;
				CLANG_WARN_OBJC_ROOT_CLASS = YES_ERROR;
				CLANG_WARN_QUOTED_INCLUDE_IN_FRAMEWORK_HEADER = YES;
				CLANG_WARN_RANGE_LOOP_ANALYSIS = YES;
				CLANG_WARN_STRICT_PROTOTYPES = YES;
				CLANG_WARN_SUSPICIOUS_MOVE = YES;
				CLANG_WARN_UNGUARDED_AVAILABILITY = YES_AGGRESSIVE;
				CLANG_WARN_UNREACHABLE_CODE = YES;
				CLANG_WARN__DUPLICATE_METHOD_MATCH = YES;
				COPY_PHASE_STRIP = NO;
				DEBUG_INFORMATION_FORMAT = "dwarf-with-dsym";
				DEVELOPMENT_TEAM = 5LZ6X4HA3F;
				ENABLE_NS_ASSERTIONS = NO;
				ENABLE_STRICT_OBJC_MSGSEND = YES;
				ENABLE_USER_SCRIPT_SANDBOXING = YES;
				GCC_C_LANGUAGE_STANDARD = gnu17;
				GCC_NO_COMMON_BLOCKS = YES;
				GCC_WARN_64_TO_32_BIT_CONVERSION = YES;
				GCC_WARN_ABOUT_RETURN_TYPE = YES_ERROR;
				GCC_WARN_UNDECLARED_SELECTOR = YES;
				GCC_WARN_UNINITIALIZED_AUTOS = YES_AGGRESSIVE;
				GCC_WARN_UNUSED_FUNCTION = YES;
				GCC_WARN_UNUSED_VARIABLE = YES;
				IPHONEOS_DEPLOYMENT_TARGET = 26.2;
				LOCALIZATION_PREFERS_STRING_CATALOGS = YES;
				MTL_ENABLE_DEBUG_INFO = NO;
				MTL_FAST_MATH = YES;
				SDKROOT = iphoneos;
				SWIFT_COMPILATION_MODE = wholemodule;
				VALIDATE_PRODUCT = YES;
			};
			name = Release;
		};
		046793F72F03C62300C5221D /* Debug */ = {
			isa = XCBuildConfiguration;
			buildSettings = {
				ASSETCATALOG_COMPILER_APPICON_NAME = AppIcon;
				ASSETCATALOG_COMPILER_GLOBAL_ACCENT_COLOR_NAME = AccentColor;
				CODE_SIGN_ENTITLEMENTS = "Notion Journal/Notion Journal.entitlements";
				CODE_SIGN_STYLE = Automatic;
				CURRENT_PROJECT_VERSION = 1;
				DEVELOPMENT_TEAM = 5LZ6X4HA3F;
				ENABLE_PREVIEWS = YES;
				GENERATE_INFOPLIST_FILE = YES;
				INFOPLIST_FILE = "Notion-Journal-Info.plist";
				INFOPLIST_KEY_NSLocationAlwaysAndWhenInUseUsageDescription = "Used to log approximate location in the background for geotag backup.";
				INFOPLIST_KEY_NSLocationAlwaysUsageDescription = "Used to record approximate location for photo/video geotag backup.";
				INFOPLIST_KEY_NSLocationWhenInUseUsageDescription = "Used to record approximate location for photo/video geotag backup.";
				INFOPLIST_KEY_UIApplicationSceneManifest_Generation = YES;
				INFOPLIST_KEY_UIApplicationSupportsIndirectInputEvents = YES;
				INFOPLIST_KEY_UILaunchScreen_Generation = YES;
				INFOPLIST_KEY_UISupportedInterfaceOrientations_iPad = "UIInterfaceOrientationPortrait UIInterfaceOrientationPortraitUpsideDown UIInterfaceOrientationLandscapeLeft UIInterfaceOrientationLandscapeRight";
				INFOPLIST_KEY_UISupportedInterfaceOrientations_iPhone = "UIInterfaceOrientationPortrait UIInterfaceOrientationLandscapeLeft UIInterfaceOrientationLandscapeRight";
				LD_RUNPATH_SEARCH_PATHS = (
					"$(inherited)",
					"@executable_path/Frameworks",
				);
				MARKETING_VERSION = 1.0;
				PRODUCT_BUNDLE_IDENTIFIER = LLMJournal.NotionJournal;
				PRODUCT_NAME = "$(TARGET_NAME)";
				STRING_CATALOG_GENERATE_SYMBOLS = YES;
				SUPPORTED_PLATFORMS = "iphoneos iphonesimulator";
				SUPPORTS_MACCATALYST = NO;
				SWIFT_APPROACHABLE_CONCURRENCY = YES;
				SWIFT_DEFAULT_ACTOR_ISOLATION = MainActor;
				SWIFT_EMIT_LOC_STRINGS = YES;
				SWIFT_UPCOMING_FEATURE_MEMBER_IMPORT_VISIBILITY = YES;
				SWIFT_VERSION = 5.0;
				TARGETED_DEVICE_FAMILY = "1,2";
			};
			name = Debug;
		};
		046793F82F03C62300C5221D /* Release */ = {
			isa = XCBuildConfiguration;
			buildSettings = {
				ASSETCATALOG_COMPILER_APPICON_NAME = AppIcon;
				ASSETCATALOG_COMPILER_GLOBAL_ACCENT_COLOR_NAME = AccentColor;
				CODE_SIGN_ENTITLEMENTS = "Notion Journal/Notion Journal.entitlements";
				CODE_SIGN_STYLE = Automatic;
				CURRENT_PROJECT_VERSION = 1;
				DEVELOPMENT_TEAM = 5LZ6X4HA3F;
				ENABLE_PREVIEWS = YES;
				GENERATE_INFOPLIST_FILE = YES;
				INFOPLIST_FILE = "Notion-Journal-Info.plist";
				INFOPLIST_KEY_NSLocationAlwaysAndWhenInUseUsageDescription = "Used to log approximate location in the background for geotag backup.";
				INFOPLIST_KEY_NSLocationAlwaysUsageDescription = "Used to record approximate location for photo/video geotag backup.";
				INFOPLIST_KEY_NSLocationWhenInUseUsageDescription = "Used to record approximate location for photo/video geotag backup.";
				INFOPLIST_KEY_UIApplicationSceneManifest_Generation = YES;
				INFOPLIST_KEY_UIApplicationSupportsIndirectInputEvents = YES;
				INFOPLIST_KEY_UILaunchScreen_Generation = YES;
				INFOPLIST_KEY_UISupportedInterfaceOrientations_iPad = "UIInterfaceOrientationPortrait UIInterfaceOrientationPortraitUpsideDown UIInterfaceOrientationLandscapeLeft UIInterfaceOrientationLandscapeRight";
				INFOPLIST_KEY_UISupportedInterfaceOrientations_iPhone = "UIInterfaceOrientationPortrait UIInterfaceOrientationLandscapeLeft UIInterfaceOrientationLandscapeRight";
				LD_RUNPATH_SEARCH_PATHS = (
					"$(inherited)",
					"@executable_path/Frameworks",
				);
				MARKETING_VERSION = 1.0;
				PRODUCT_BUNDLE_IDENTIFIER = LLMJournal.NotionJournal;
				PRODUCT_NAME = "$(TARGET_NAME)";
				STRING_CATALOG_GENERATE_SYMBOLS = YES;
				SUPPORTED_PLATFORMS = "iphoneos iphonesimulator";
				SUPPORTS_MACCATALYST = NO;
				SWIFT_APPROACHABLE_CONCURRENCY = YES;
				SWIFT_DEFAULT_ACTOR_ISOLATION = MainActor;
				SWIFT_EMIT_LOC_STRINGS = YES;
				SWIFT_UPCOMING_FEATURE_MEMBER_IMPORT_VISIBILITY = YES;
				SWIFT_VERSION = 5.0;
				TARGETED_DEVICE_FAMILY = "1,2";
			};
			name = Release;
		};
		046E842D2F0DFE1000030095 /* Debug */ = {
			isa = XCBuildConfiguration;
			buildSettings = {
				CODE_SIGN_ENTITLEMENTS = NotionJournalClipper/NotionJournalClipper.entitlements;
				CODE_SIGN_STYLE = Automatic;
				CURRENT_PROJECT_VERSION = 1;
				DEVELOPMENT_TEAM = 5LZ6X4HA3F;
				GENERATE_INFOPLIST_FILE = YES;
				INFOPLIST_FILE = NotionJournalClipper/Info.plist;
				INFOPLIST_KEY_CFBundleDisplayName = NotionJournalClipper;
				INFOPLIST_KEY_NSHumanReadableCopyright = "";
				IPHONEOS_DEPLOYMENT_TARGET = 15.0;
				LD_RUNPATH_SEARCH_PATHS = (
					"$(inherited)",
					"@executable_path/Frameworks",
					"@executable_path/../../Frameworks",
				);
				MARKETING_VERSION = 1.0;
				OTHER_LDFLAGS = (
					"-framework",
					SafariServices,
				);
				PRODUCT_BUNDLE_IDENTIFIER = LLMJournal.NotionJournal.NotionJournalClipper;
				PRODUCT_NAME = "$(TARGET_NAME)";
				SKIP_INSTALL = YES;
				STRING_CATALOG_GENERATE_SYMBOLS = YES;
				SWIFT_APPROACHABLE_CONCURRENCY = YES;
				SWIFT_EMIT_LOC_STRINGS = YES;
				SWIFT_UPCOMING_FEATURE_MEMBER_IMPORT_VISIBILITY = YES;
				SWIFT_VERSION = 5.0;
				TARGETED_DEVICE_FAMILY = "1,2";
			};
			name = Debug;
		};
		046E842E2F0DFE1000030095 /* Release */ = {
			isa = XCBuildConfiguration;
			buildSettings = {
				CODE_SIGN_ENTITLEMENTS = NotionJournalClipper/NotionJournalClipper.entitlements;
				CODE_SIGN_STYLE = Automatic;
				CURRENT_PROJECT_VERSION = 1;
				DEVELOPMENT_TEAM = 5LZ6X4HA3F;
				GENERATE_INFOPLIST_FILE = YES;
				INFOPLIST_FILE = NotionJournalClipper/Info.plist;
				INFOPLIST_KEY_CFBundleDisplayName = NotionJournalClipper;
				INFOPLIST_KEY_NSHumanReadableCopyright = "";
				IPHONEOS_DEPLOYMENT_TARGET = 15.0;
				LD_RUNPATH_SEARCH_PATHS = (
					"$(inherited)",
					"@executable_path/Frameworks",
					"@executable_path/../../Frameworks",
				);
				MARKETING_VERSION = 1.0;
				OTHER_LDFLAGS = (
					"-framework",
					SafariServices,
				);
				PRODUCT_BUNDLE_IDENTIFIER = LLMJournal.NotionJournal.NotionJournalClipper;
				PRODUCT_NAME = "$(TARGET_NAME)";
				SKIP_INSTALL = YES;
				STRING_CATALOG_GENERATE_SYMBOLS = YES;
				SWIFT_APPROACHABLE_CONCURRENCY = YES;
				SWIFT_EMIT_LOC_STRINGS = YES;
				SWIFT_UPCOMING_FEATURE_MEMBER_IMPORT_VISIBILITY = YES;
				SWIFT_VERSION = 5.0;
				TARGETED_DEVICE_FAMILY = "1,2";
			};
			name = Release;
		};
/* End XCBuildConfiguration section */

/* Begin XCConfigurationList section */
		046793E62F03C62100C5221D /* Build configuration list for PBXProject "Notion Journal" */ = {
			isa = XCConfigurationList;
			buildConfigurations = (
				046793F42F03C62300C5221D /* Debug */,
				046793F52F03C62300C5221D /* Release */,
			);
			defaultConfigurationIsVisible = 0;
			defaultConfigurationName = Release;
		};
		046793F62F03C62300C5221D /* Build configuration list for PBXNativeTarget "Notion Journal" */ = {
			isa = XCConfigurationList;
			buildConfigurations = (
				046793F72F03C62300C5221D /* Debug */,
				046793F82F03C62300C5221D /* Release */,
			);
			defaultConfigurationIsVisible = 0;
			defaultConfigurationName = Release;
		};
		046E842C2F0DFE1000030095 /* Build configuration list for PBXNativeTarget "NotionJournalClipper" */ = {
			isa = XCConfigurationList;
			buildConfigurations = (
				046E842D2F0DFE1000030095 /* Debug */,
				046E842E2F0DFE1000030095 /* Release */,
			);
			defaultConfigurationIsVisible = 0;
			defaultConfigurationName = Release;
		};
/* End XCConfigurationList section */

/* Begin XCRemoteSwiftPackageReference section */
		040FA2D52F15AD5400E3B042 /* XCRemoteSwiftPackageReference "proton" */ = {
			isa = XCRemoteSwiftPackageReference;
			repositoryURL = "https://github.com/rajdeep/proton";
			requirement = {
				kind = upToNextMajorVersion;
				minimumVersion = 0.8.35;
			};
		};
/* End XCRemoteSwiftPackageReference section */

/* Begin XCSwiftPackageProductDependency section */
		040FA2DA2F16107300E3B042 /* Proton */ = {
			isa = XCSwiftPackageProductDependency;
			package = 040FA2D52F15AD5400E3B042 /* XCRemoteSwiftPackageReference "proton" */;
			productName = Proton;
		};
/* End XCSwiftPackageProductDependency section */
	};
	rootObject = 046793E32F03C62100C5221D /* Project object */;
}
